
Microsoft Visual Studio Solution File, Format Version 12.00
# Visual Studio Version 17
VisualStudioVersion = 17.7.34031.279
MinimumVisualStudioVersion = 10.0.40219.1
Project("{FAE04EC0-301F-11D3-BF4B-00C04F79EFBC}") = "pr6", "pr6\pr6.csproj", "{A64E0ED3-57BF-4900-BE3D-41C13FF3AD8B}"
EndProject
Global
	GlobalSection(SolutionConfigurationPlatforms) = preSolution
		Debug|Any CPU = Debug|Any CPU
		Release|Any CPU = Release|Any CPU
	EndGlobalSection
	GlobalSection(ProjectConfigurationPlatforms) = postSolution
		{A64E0ED3-57BF-4900-BE3D-41C13FF3AD8B}.Debug|Any CPU.ActiveCfg = Debug|Any CPU
		{A64E0ED3-57BF-4900-BE3D-41C13FF3AD8B}.Debug|Any CPU.Build.0 = Debug|Any CPU
		{A64E0ED3-57BF-4900-BE3D-41C13FF3AD8B}.Release|Any CPU.ActiveCfg = Release|Any CPU
		{A64E0ED3-57BF-4900-BE3D-41C13FF3AD8B}.Release|Any CPU.Build.0 = Release|Any CPU
	EndGlobalSection
	GlobalSection(SolutionProperties) = preSolution
		HideSolutionNode = FALSE
	EndGlobalSection
	GlobalSection(ExtensibilityGlobals) = postSolution
		SolutionGuid = {484F2114-1DB8-4CF6-82BB-B7449E0FB31C}
	EndGlobalSection
EndGlobal
